<?xml version="1.0" encoding="utf-8"?>
<Project ToolsVersion="4.0" xmlns="http://schemas.microsoft.com/developer/msbuild/2003">
  <ItemGroup>
    <Filter Include="Source Files">
      <UniqueIdentifier>{4FC737F1-C7A5-4376-A066-2A32D752A2FF}</UniqueIdentifier>
      <Extensions>cpp;c;cc;cxx;c++;cppm;ixx;def;odl;idl;hpj;bat;asm;asmx</Extensions>
    </Filter>
    <Filter Include="Header Files">
      <UniqueIdentifier>{93995380-89BD-4b04-88EB-625FBE52EBFB}</UniqueIdentifier>
      <Extensions>h;hh;hpp;hxx;h++;hm;inl;inc;ipp;xsd</Extensions>
    </Filter>
    <Filter Include="Resource Files">
      <UniqueIdentifier>{67DA6AB6-F800-4c08-8B7A-83BB121AAD01}</UniqueIdentifier>
      <Extensions>rc;ico;cur;bmp;dlg;rc2;rct;bin;rgs;gif;jpg;jpeg;jpe;resx;tiff;tif;png;wav;mfcribbon-ms</Extensions>
    </Filter>
    <Filter Include="Source Files\Buoi1">
      <UniqueIdentifier>{489a4420-7ac5-436f-90fa-c4ae40767116}</UniqueIdentifier>
    </Filter>
    <Filter Include="Source Files\Buoi2">
      <UniqueIdentifier>{e8bba2be-d767-4d7c-ab14-2b278d2498e3}</UniqueIdentifier>
    </Filter>
    <Filter Include="Source Files\Buoi3">
      <UniqueIdentifier>{ecc28339-6189-4f2c-967f-8b5be42ce997}</UniqueIdentifier>
    </Filter>
    <Filter Include="Source Files\Buoi4">
      <UniqueIdentifier>{088a076c-fe28-44f3-acff-c2d70f05f5a4}</UniqueIdentifier>
    </Filter>
  </ItemGroup>
  <ItemGroup>
    <ClCompile Include="main.cpp">
      <Filter>Source Files</Filter>
    </ClCompile>
    <ClCompile Include="Bai9.cpp">
      <Filter>Source Files\Buoi1</Filter>
    </ClCompile>
    <ClCompile Include="Bai10.cpp">
      <Filter>Source Files\Buoi1</Filter>
    </ClCompile>
    <ClCompile Include="Bai11.cpp">
      <Filter>Source Files\Buoi1</Filter>
    </ClCompile>
  </ItemGroup>
  <ItemGroup>
    <ClInclude Include="BaiTapVeNha.h">
      <Filter>Source Files</Filter>
    </ClInclude>
  </ItemGroup>
</Project>